<?xml version="1.0" encoding="utf-8"?>
<Project ToolsVersion="4.0" xmlns="http://schemas.microsoft.com/developer/msbuild/2003">
  <ItemGroup>
    <Filter Include="Source Files">
      <UniqueIdentifier>{4FC737F1-C7A5-4376-A066-2A32D752A2FF}</UniqueIdentifier>
      <Extensions>cpp;c;cc;cxx;def;odl;idl;hpj;bat;asm;asmx</Extensions>
    </Filter>
    <Filter Include="Header Files">
      <UniqueIdentifier>{93995380-89BD-4b04-88EB-625FBE52EBFB}</UniqueIdentifier>
      <Extensions>h;hh;hpp;hxx;hm;inl;inc;ipp;xsd</Extensions>
    </Filter>
    <Filter Include="Resource Files">
      <UniqueIdentifier>{67DA6AB6-F800-4c08-8B7A-83BB121AAD01}</UniqueIdentifier>
      <Extensions>rc;ico;cur;bmp;dlg;rc2;rct;bin;rgs;gif;jpg;jpeg;jpe;resx;tiff;tif;png;wav;mfcribbon-ms</Extensions>
    </Filter>
  </ItemGroup>
  <ItemGroup>
    <ClCompile Include="main.cpp">
      <Filter>Source Files</Filter>
    </ClCompile>
    <ClCompile Include="getExePath.cpp">
      <Filter>Source Files</Filter>
    </ClCompile>
    <ClCompile Include="src\Level.cpp">
      <Filter>Source Files</Filter>
    </ClCompile>
  </ItemGroup>
  <ItemGroup>
    <None Include="packages.config" />
  </ItemGroup>
  <ItemGroup>
    <ClInclude Include="Header Files\InputSystem.h">
      <Filter>Header Files</Filter>
    </ClInclude>
    <ClInclude Include="Header Files\NoRandomComponent.h">
      <Filter>Header Files</Filter>
    </ClInclude>
    <ClInclude Include="Header Files\WallComponent.h">
      <Filter>Header Files</Filter>
    </ClInclude>
    <ClInclude Include="Header Files\PelletsComponent.h">
      <Filter>Header Files</Filter>
    </ClInclude>
    <ClInclude Include="Header Files\MovableAnimatedObject.h">
      <Filter>Header Files</Filter>
    </ClInclude>
    <ClInclude Include="getExePath.h">
      <Filter>Header Files</Filter>
    </ClInclude>
    <ClInclude Include="inc\Components\ComponentIncludes.h">
      <Filter>Header Files</Filter>
    </ClInclude>
    <ClInclude Include="inc\Components\GhostComponent.h">
      <Filter>Header Files</Filter>
    </ClInclude>
    <ClInclude Include="inc\Components\PacmanComponent.h">
      <Filter>Header Files</Filter>
    </ClInclude>
    <ClInclude Include="inc\Systems\GhostAI.h">
      <Filter>Header Files</Filter>
    </ClInclude>
    <ClInclude Include="inc\Systems\PelletSystem.h">
      <Filter>Header Files</Filter>
    </ClInclude>
    <ClInclude Include="inc\Systems\PlayerMovement.h">
      <Filter>Header Files</Filter>
    </ClInclude>
    <ClInclude Include="inc\Configs.h">
      <Filter>Header Files</Filter>
    </ClInclude>
    <ClInclude Include="inc\Direction.h">
      <Filter>Header Files</Filter>
    </ClInclude>
    <ClInclude Include="inc\Level.h">
      <Filter>Header Files</Filter>
    </ClInclude>
    <ClInclude Include="inc\PelletObject.h">
      <Filter>Header Files</Filter>
    </ClInclude>
    <ClInclude Include="inc\PlayerObject.h">
      <Filter>Header Files</Filter>
    </ClInclude>
    <ClInclude Include="inc\GhostObject.h">
      <Filter>Header Files</Filter>
    </ClInclude>
    <ClInclude Include="inc\Tile.h">
      <Filter>Header Files</Filter>
    </ClInclude>
    <ClInclude Include="inc\GhostBehaviors\Speedy.h">
      <Filter>Header Files</Filter>
    </ClInclude>
    <ClInclude Include="inc\GhostBehaviors\Shadow.h">
      <Filter>Header Files</Filter>
    </ClInclude>
    <ClInclude Include="inc\GhostBehaviors\Bashful.h">
      <Filter>Header Files</Filter>
    </ClInclude>
    <ClInclude Include="inc\GhostBehaviors\Pokey.h">
      <Filter>Header Files</Filter>
    </ClInclude>
    <ClInclude Include="inc\GhostBehaviors\Pathfinding.h">
      <Filter>Header Files</Filter>
    </ClInclude>
    <ClInclude Include="inc\GhostBehaviors\GhostBehavior.h">
      <Filter>Header Files</Filter>
    </ClInclude>
    <ClInclude Include="inc\Systems\GameDirectorSystem.h">
      <Filter>Header Files</Filter>
    </ClInclude>
    <ClInclude Include="inc\FruitObject.h">
      <Filter>Header Files</Filter>
    </ClInclude>
    <ClInclude Include="inc\Components\PelletsComponent.h">
      <Filter>Header Files</Filter>
    </ClInclude>
    <ClInclude Include="inc\Components\FruitComponent.h">
      <Filter>Header Files</Filter>
    </ClInclude>
    <ClInclude Include="inc\Systems\FruitSystem.h">
      <Filter>Header Files</Filter>
    </ClInclude>
    <ClInclude Include="inc\Systems\SpeedDirectorSystem.h">
      <Filter>Header Files</Filter>
    </ClInclude>
  </ItemGroup>
  <ItemGroup>
    <Image Include="data\Assets\Pacman_Spritesheet.png">
      <Filter>Resource Files</Filter>
    </Image>
    <Image Include="data\Assets\Pacman_Death_00.png">
      <Filter>Resource Files</Filter>
    </Image>
    <Image Include="data\Assets\Pacman_Death_01.png">
      <Filter>Resource Files</Filter>
    </Image>
    <Image Include="data\Assets\Pacman_Death_02.png">
      <Filter>Resource Files</Filter>
    </Image>
    <Image Include="data\Assets\Pacman_Death_03.png">
      <Filter>Resource Files</Filter>
    </Image>
    <Image Include="data\Assets\Pacman_Death_04.png">
      <Filter>Resource Files</Filter>
    </Image>
    <Image Include="data\Assets\Pacman_Death_05.png">
      <Filter>Resource Files</Filter>
    </Image>
    <Image Include="data\Assets\Pacman_Death_06.png">
      <Filter>Resource Files</Filter>
    </Image>
    <Image Include="data\Assets\Pacman_Death_07.png">
      <Filter>Resource Files</Filter>
    </Image>
    <Image Include="data\Assets\Pacman_Death_08.png">
      <Filter>Resource Files</Filter>
    </Image>
    <Image Include="data\Assets\Pacman_Death_09.png">
      <Filter>Resource Files</Filter>
    </Image>
    <Image Include="data\Assets\Pacman_Death_10.png">
      <Filter>Resource Files</Filter>
    </Image>
    <Image Include="data\Assets\Tile\0.png">
      <Filter>Resource Files</Filter>
    </Image>
    <Image Include="data\Assets\Tile\1.png">
      <Filter>Resource Files</Filter>
    </Image>
    <Image Include="data\Assets\Tile\2.png">
      <Filter>Resource Files</Filter>
    </Image>
    <Image Include="data\Assets\Tile\3.png">
      <Filter>Resource Files</Filter>
    </Image>
    <Image Include="data\Assets\Tile\4.png">
      <Filter>Resource Files</Filter>
    </Image>
    <Image Include="data\Assets\Tile\5.png">
      <Filter>Resource Files</Filter>
    </Image>
    <Image Include="data\Assets\Tile\6.png">
      <Filter>Resource Files</Filter>
    </Image>
    <Image Include="data\Assets\Tile\7.png">
      <Filter>Resource Files</Filter>
    </Image>
    <Image Include="data\Assets\Tile\8.png">
      <Filter>Resource Files</Filter>
    </Image>
    <Image Include="data\Assets\Tile\9.png">
      <Filter>Resource Files</Filter>
    </Image>
    <Image Include="data\Assets\Tile\10.png">
      <Filter>Resource Files</Filter>
    </Image>
    <Image Include="data\Assets\Tile\11.png">
      <Filter>Resource Files</Filter>
    </Image>
    <Image Include="data\Assets\Tile\13.png">
      <Filter>Resource Files</Filter>
    </Image>
    <Image Include="data\Assets\Tile\14.png">
      <Filter>Resource Files</Filter>
    </Image>
    <Image Include="data\Assets\Tile\15.png">
      <Filter>Resource Files</Filter>
    </Image>
    <Image Include="data\Assets\Tile\16.png">
      <Filter>Resource Files</Filter>
    </Image>
    <Image Include="data\Assets\Tile\17.png">
      <Filter>Resource Files</Filter>
    </Image>
    <Image Include="data\Assets\Tile\18.png">
      <Filter>Resource Files</Filter>
    </Image>
    <Image Include="data\Assets\Tile\19.png">
      <Filter>Resource Files</Filter>
    </Image>
    <Image Include="data\Assets\Tile\20.png">
      <Filter>Resource Files</Filter>
    </Image>
    <Image Include="data\Assets\Tile\21.png">
      <Filter>Resource Files</Filter>
    </Image>
    <Image Include="data\Assets\Tile\22.png">
      <Filter>Resource Files</Filter>
    </Image>
    <Image Include="data\Assets\Tile\23.png">
      <Filter>Resource Files</Filter>
    </Image>
    <Image Include="data\Assets\Tile\24.png">
      <Filter>Resource Files</Filter>
    </Image>
    <Image Include="data\Assets\Tile\25.png">
      <Filter>Resource Files</Filter>
    </Image>
    <Image Include="data\Assets\Tile\26.png">
      <Filter>Resource Files</Filter>
    </Image>
    <Image Include="data\Assets\Tile\27.png">
      <Filter>Resource Files</Filter>
    </Image>
    <Image Include="data\Assets\Tile\28.png">
      <Filter>Resource Files</Filter>
    </Image>
    <Image Include="data\Assets\Tile\29.png">
      <Filter>Resource Files</Filter>
    </Image>
    <Image Include="data\Assets\Tile\30.png">
      <Filter>Resource Files</Filter>
    </Image>
    <Image Include="data\Assets\Tile\31.png">
      <Filter>Resource Files</Filter>
    </Image>
    <Image Include="data\Assets\Tile\32.png">
      <Filter>Resource Files</Filter>
    </Image>
    <Image Include="data\Assets\Tile\33.png">
      <Filter>Resource Files</Filter>
    </Image>
    <Image Include="data\Assets\Tile\34.png">
      <Filter>Resource Files</Filter>
    </Image>
    <Image Include="data\Assets\Tile\35.png">
      <Filter>Resource Files</Filter>
    </Image>
    <Image Include="data\Assets\Tile\36.png">
      <Filter>Resource Files</Filter>
    </Image>
    <Image Include="data\Assets\Tile\39.png">
      <Filter>Resource Files</Filter>
    </Image>
    <Image Include="data\Assets\Tile\12.png">
      <Filter>Resource Files</Filter>
    </Image>
    <Image Include="data\Assets\Tile\40.png">
      <Filter>Resource Files</Filter>
    </Image>
    <Image Include="data\Assets\Entity\Pellet.png">
      <Filter>Resource Files</Filter>
    </Image>
    <Image Include="data\Assets\Entity\PowerPellet.png">
      <Filter>Resource Files</Filter>
    </Image>
    <Image Include="data\Assets\Entity\Cherry.png">
      <Filter>Resource Files</Filter>
    </Image>
    <Image Include="data\Assets\Entity\Peach.png">
      <Filter>Resource Files</Filter>
    </Image>
    <Image Include="data\Assets\Entity\Apple.png">
      <Filter>Resource Files</Filter>
    </Image>
    <Image Include="data\Assets\Entity\Strawberry.png">
      <Filter>Resource Files</Filter>
    </Image>
    <Image Include="data\Assets\Entity\Galaxian.png">
      <Filter>Resource Files</Filter>
    </Image>
    <Image Include="data\Assets\Entity\Bell.png">
      <Filter>Resource Files</Filter>
    </Image>
    <Image Include="data\Assets\Entity\Grape.png">
      <Filter>Resource Files</Filter>
    </Image>
    <Image Include="data\Assets\Entity\Key.png">
      <Filter>Resource Files</Filter>
    </Image>
    <Image Include="data\Assets\Entity\Pacman.png">
      <Filter>Resource Files</Filter>
    </Image>
    <Image Include="data\Assets\Entity\Orange.png">
      <Filter>Resource Files</Filter>
    </Image>
    <Image Include="data\Assets\Entity\Pinky.png">
      <Filter>Resource Files</Filter>
    </Image>
    <Image Include="data\Assets\Entity\Red.png">
      <Filter>Resource Files</Filter>
    </Image>
    <Image Include="data\Assets\Entity\Blue.png">
      <Filter>Resource Files</Filter>
    </Image>
    <Image Include="data\Assets\Entity\Miss_Pacman.png">
      <Filter>Resource Files</Filter>
    </Image>
    <Image Include="data\Assets\Entity\Ghosts_afraid.png">
      <Filter>Resource Files</Filter>
    </Image>
    <Image Include="data\Assets\Entity\Ghosts_eaten.png">
      <Filter>Resource Files</Filter>
    </Image>
  </ItemGroup>
  <ItemGroup>
    <Text Include="data\Assets\Level\0.txt" />
    <Text Include="data\Assets\Level\BITFLAGS.TXT" />
    <Text Include="data\Assets\Level\TimerData.txt" />
    <Text Include="data\Assets\Level\PacmanSpeed.txt" />
    <Text Include="data\Assets\Level\AfraidFlash.txt" />
  </ItemGroup>
  <ItemGroup>
    <Media Include="data\Music\pacman_beginning.wav">
      <Filter>Resource Files</Filter>
    </Media>
  </ItemGroup>
</Project>